PODS:
  - AFNetworking (2.5.4):
    - AFNetworking/NSURLConnection (= 2.5.4)
    - AFNetworking/NSURLSession (= 2.5.4)
    - AFNetworking/Reachability (= 2.5.4)
    - AFNetworking/Security (= 2.5.4)
    - AFNetworking/Serialization (= 2.5.4)
    - AFNetworking/UIKit (= 2.5.4)
  - AFNetworking/NSURLConnection (2.5.4):
    - AFNetworking/Reachability
    - AFNetworking/Security
    - AFNetworking/Serialization
  - AFNetworking/NSURLSession (2.5.4):
    - AFNetworking/Reachability
    - AFNetworking/Security
    - AFNetworking/Serialization
  - AFNetworking/Reachability (2.5.4)
  - AFNetworking/Security (2.5.4)
  - AFNetworking/Serialization (2.5.4)
  - AFNetworking/UIKit (2.5.4):
    - AFNetworking/NSURLConnection
    - AFNetworking/NSURLSession
  - DateTools (1.7.0)
  - FLAnimatedImage (1.0.12)
  - JSPatch (1.1.2):
    - JSPatch/Core (= 1.1.2)
  - JSPatch/Core (1.1.2)
  - libwebp (0.5.1):
    - libwebp/core (= 0.5.1)
    - libwebp/dec (= 0.5.1)
    - libwebp/demux (= 0.5.1)
    - libwebp/dsp (= 0.5.1)
    - libwebp/enc (= 0.5.1)
    - libwebp/mux (= 0.5.1)
    - libwebp/utils (= 0.5.1)
    - libwebp/webp (= 0.5.1)
  - libwebp/core (0.5.1):
    - libwebp/webp
  - libwebp/dec (0.5.1):
    - libwebp/core
  - libwebp/demux (0.5.1):
    - libwebp/core
  - libwebp/dsp (0.5.1):
    - libwebp/core
  - libwebp/enc (0.5.1):
    - libwebp/core
  - libwebp/mux (0.5.1):
    - libwebp/core
  - libwebp/utils (0.5.1):
    - libwebp/core
  - libwebp/webp (0.5.1)
  - LxThroughPointsBezier (1.0.0)
  - Meiqia (3.3.4.1):
    - Meiqia/MeiqiaSDK (= 3.3.4.1)
    - Meiqia/MQChatViewController (= 3.3.4.1)
  - Meiqia/MeiqiaSDK (3.3.4.1)
  - Meiqia/MQChatViewController (3.3.4.1):
    - Meiqia/MeiqiaSDK
  - MJExtension (3.0.13)
  - MMDrawerController (0.5.7):
    - MMDrawerController/Core (= 0.5.7)
    - MMDrawerController/MMDrawerBarButtonItem (= 0.5.7)
    - MMDrawerController/MMDrawerVisualStates (= 0.5.7)
    - MMDrawerController/Subclass (= 0.5.7)
  - MMDrawerController/Core (0.5.7)
  - MMDrawerController/MMDrawerBarButtonItem (0.5.7):
    - MMDrawerController/Core
  - MMDrawerController/MMDrawerVisualStates (0.5.7):
    - MMDrawerController/Core
  - MMDrawerController/Subclass (0.5.7):
    - MMDrawerController/Core
  - SDWebImage/Core (3.8.2)
  - SDWebImage/WebP (3.8.2):
    - libwebp
    - SDWebImage/Core
  - UMengAnalytics (4.1.10)
  - UMengSocialCOM (5.2.1)
  - YYKeyboardManager (1.0.1)
  - YYText (1.0.7)
  - ZYCornerRadius (0.5.1)

DEPENDENCIES:
  - AFNetworking (~> 2.5.4)
  - DateTools
  - FLAnimatedImage (~> 1.0)
  - JSPatch
  - LxThroughPointsBezier (~> 1.0.0)
  - Meiqia (~> 3.3.1)
  - MJExtension
  - MMDrawerController (~> 0.5.7)
  - SDWebImage/WebP
  - UMengAnalytics
  - UMengSocialCOM
  - YYKeyboardManager
  - YYText
  - ZYCornerRadius (~> 0.5.1)

SPEC CHECKSUMS:
  AFNetworking: 05edc0ac4c4c8cf57bcf4b84be5b0744b6d8e71e
  DateTools: 53288ee8b905fdc75897a1e6b5cc0144b14cba60
  FLAnimatedImage: 4a0b56255d9b05f18b6dd7ee06871be5d3b89e31
  JSPatch: 741205ebb2e2238c223a436e4c8cf75cf40a345f
  libwebp: b9126f8982a95370cf4eaad9bb3fefd57f052c15
  LxThroughPointsBezier: fdebe18dd4ddab9406d9827db77a078b4738b00f
  Meiqia: 2be3baaf2b023484b8cd3985bc2dad6db36732a1
  MJExtension: 5932755f451458eefa24239358817f8d291240c7
  MMDrawerController: 7a4cf8e25596bf2434e03ce50d22a8608ddee6a1
  SDWebImage: 098e97e6176540799c27e804c96653ee0833d13c
  UMengAnalytics: 40585031b7eb085534c68a951b394731e7166257
  UMengSocialCOM: 074c135ce349aa4c8848d3fb8458757bcb6ffb67
  YYKeyboardManager: ff53d2e80d1808567a7f004028bd200d9469a89f
  YYText: 5c461d709e24d55a182d1441c41dc639a18a4849
  ZYCornerRadius: 526dfd5b860008e57abf7be4a887f4630c3018f0

PODFILE CHECKSUM: 2b1a39dfcb5a2e71479b82da5ba37190a1ecbae4

COCOAPODS: 1.1.1
